
Microsoft Visual Studio Solution File, Format Version 12.00
# Visual Studio Version 17
VisualStudioVersion = 17.5.002.0
MinimumVisualStudioVersion = 10.0.40219.1
Project("{9A19103F-16F7-4668-BE54-9A1E7A4F7556}") = "NewApp", "NewApp.csproj", "{A8F749A7-5015-4273-B20B-F5641EC91452}"
EndProject
Global
	GlobalSection(SolutionConfigurationPlatforms) = preSolution
		Debug|Any CPU = Debug|Any CPU
		Release|Any CPU = Release|Any CPU
	EndGlobalSection
	GlobalSection(ProjectConfigurationPlatforms) = postSolution
		{A8F749A7-5015-4273-B20B-F5641EC91452}.Debug|Any CPU.ActiveCfg = Debug|Any CPU
		{A8F749A7-5015-4273-B20B-F5641EC91452}.Debug|Any CPU.Build.0 = Debug|Any CPU
		{A8F749A7-5015-4273-B20B-F5641EC91452}.Release|Any CPU.ActiveCfg = Release|Any CPU
		{A8F749A7-5015-4273-B20B-F5641EC91452}.Release|Any CPU.Build.0 = Release|Any CPU
	EndGlobalSection
	GlobalSection(SolutionProperties) = preSolution
		HideSolutionNode = FALSE
	EndGlobalSection
	GlobalSection(ExtensibilityGlobals) = postSolution
		SolutionGuid = {7C363CA3-4B79-42D6-B18B-BD8510413306}
	EndGlobalSection
EndGlobal
